// !$*UTF8*$!
{
	archiveVersion = 1;
	classes = {
	};
	objectVersion = 56;
	objects = {

/* Begin PBXBuildFile section */
		86D74FE72A12E30E00C0E1E4 /* AppDelegate.swift in Sources */ = {isa = PBXBuildFile; fileRef = 86D74FE62A12E30E00C0E1E4 /* AppDelegate.swift */; };
		86D74FE92A12E30E00C0E1E4 /* SceneDelegate.swift in Sources */ = {isa = PBXBuildFile; fileRef = 86D74FE82A12E30E00C0E1E4 /* SceneDelegate.swift */; };
		86D74FEB2A12E30F00C0E1E4 /* ViewController.swift in Sources */ = {isa = PBXBuildFile; fileRef = 86D74FEA2A12E30F00C0E1E4 /* ViewController.swift */; };
		86D74FEE2A12E30F00C0E1E4 /* Main.storyboard in Resources */ = {isa = PBXBuildFile; fileRef = 86D74FEC2A12E30F00C0E1E4 /* Main.storyboard */; };
		86D74FF02A12E31000C0E1E4 /* Assets.xcassets in Resources */ = {isa = PBXBuildFile; fileRef = 86D74FEF2A12E31000C0E1E4 /* Assets.xcassets */; };
		86D74FF32A12E31000C0E1E4 /* LaunchScreen.storyboard in Resources */ = {isa = PBXBuildFile; fileRef = 86D74FF12A12E31000C0E1E4 /* LaunchScreen.storyboard */; };
		86D74FFE2A12E31100C0E1E4 /* Pomodoro__up_to_date_Tests.swift in Sources */ = {isa = PBXBuildFile; fileRef = 86D74FFD2A12E31100C0E1E4 /* Pomodoro__up_to_date_Tests.swift */; };
		86D750082A12E31100C0E1E4 /* Pomodoro__up_to_date_UITests.swift in Sources */ = {isa = PBXBuildFile; fileRef = 86D750072A12E31100C0E1E4 /* Pomodoro__up_to_date_UITests.swift */; };
		86D7500A2A12E31100C0E1E4 /* Pomodoro__up_to_date_UITestsLaunchTests.swift in Sources */ = {isa = PBXBuildFile; fileRef = 86D750092A12E31100C0E1E4 /* Pomodoro__up_to_date_UITestsLaunchTests.swift */; };
/* End PBXBuildFile section */

/* Begin PBXContainerItemProxy section */
		86D74FFA2A12E31100C0E1E4 /* PBXContainerItemProxy */ = {
			isa = PBXContainerItemProxy;
			containerPortal = 86D74FDB2A12E30E00C0E1E4 /* Project object */;
			proxyType = 1;
			remoteGlobalIDString = 86D74FE22A12E30E00C0E1E4;
			remoteInfo = "Pomodoro (up to date)";
		};
		86D750042A12E31100C0E1E4 /* PBXContainerItemProxy */ = {
			isa = PBXContainerItemProxy;
			containerPortal = 86D74FDB2A12E30E00C0E1E4 /* Project object */;
			proxyType = 1;
			remoteGlobalIDString = 86D74FE22A12E30E00C0E1E4;
			remoteInfo = "Pomodoro (up to date)";
		};
/* End PBXContainerItemProxy section */

/* Begin PBXFileReference section */
		86D74FE32A12E30E00C0E1E4 /* Pomodoro (up to date).app */ = {isa = PBXFileReference; explicitFileType = wrapper.application; includeInIndex = 0; path = "Pomodoro (up to date).app"; sourceTree = BUILT_PRODUCTS_DIR; };
		86D74FE62A12E30E00C0E1E4 /* AppDelegate.swift */ = {isa = PBXFileReference; lastKnownFileType = sourcecode.swift; path = AppDelegate.swift; sourceTree = "<group>"; };
		86D74FE82A12E30E00C0E1E4 /* SceneDelegate.swift */ = {isa = PBXFileReference; lastKnownFileType = sourcecode.swift; path = SceneDelegate.swift; sourceTree = "<group>"; };
		86D74FEA2A12E30F00C0E1E4 /* ViewController.swift */ = {isa = PBXFileReference; lastKnownFileType = sourcecode.swift; path = ViewController.swift; sourceTree = "<group>"; };
		86D74FED2A12E30F00C0E1E4 /* Base */ = {isa = PBXFileReference; lastKnownFileType = file.storyboard; name = Base; path = Base.lproj/Main.storyboard; sourceTree = "<group>"; };
		86D74FEF2A12E31000C0E1E4 /* Assets.xcassets */ = {isa = PBXFileReference; lastKnownFileType = folder.assetcatalog; name = Assets.xcassets; path = "Pomodoro (up to date)/Assets.xcassets"; sourceTree = SOURCE_ROOT; };
		86D74FF22A12E31000C0E1E4 /* Base */ = {isa = PBXFileReference; lastKnownFileType = file.storyboard; name = Base; path = Base.lproj/LaunchScreen.storyboard; sourceTree = "<group>"; };
		86D74FF42A12E31000C0E1E4 /* Info.plist */ = {isa = PBXFileReference; lastKnownFileType = text.plist.xml; path = Info.plist; sourceTree = "<group>"; };
		86D74FF92A12E31100C0E1E4 /* Pomodoro (up to date)Tests.xctest */ = {isa = PBXFileReference; explicitFileType = wrapper.cfbundle; includeInIndex = 0; path = "Pomodoro (up to date)Tests.xctest"; sourceTree = BUILT_PRODUCTS_DIR; };
		86D74FFD2A12E31100C0E1E4 /* Pomodoro__up_to_date_Tests.swift */ = {isa = PBXFileReference; lastKnownFileType = sourcecode.swift; path = Pomodoro__up_to_date_Tests.swift; sourceTree = "<group>"; };
		86D750032A12E31100C0E1E4 /* Pomodoro (up to date)UITests.xctest */ = {isa = PBXFileReference; explicitFileType = wrapper.cfbundle; includeInIndex = 0; path = "Pomodoro (up to date)UITests.xctest"; sourceTree = BUILT_PRODUCTS_DIR; };
		86D750072A12E31100C0E1E4 /* Pomodoro__up_to_date_UITests.swift */ = {isa = PBXFileReference; lastKnownFileType = sourcecode.swift; path = Pomodoro__up_to_date_UITests.swift; sourceTree = "<group>"; };
		86D750092A12E31100C0E1E4 /* Pomodoro__up_to_date_UITestsLaunchTests.swift */ = {isa = PBXFileReference; lastKnownFileType = sourcecode.swift; path = Pomodoro__up_to_date_UITestsLaunchTests.swift; sourceTree = "<group>"; };
/* End PBXFileReference section */

/* Begin PBXFrameworksBuildPhase section */
		86D74FE02A12E30E00C0E1E4 /* Frameworks */ = {
			isa = PBXFrameworksBuildPhase;
			buildActionMask = 2147483647;
			files = (
			);
			runOnlyForDeploymentPostprocessing = 0;
		};
		86D74FF62A12E31100C0E1E4 /* Frameworks */ = {
			isa = PBXFrameworksBuildPhase;
			buildActionMask = 2147483647;
			files = (
			);
			runOnlyForDeploymentPostprocessing = 0;
		};
		86D750002A12E31100C0E1E4 /* Frameworks */ = {
			isa = PBXFrameworksBuildPhase;
			buildActionMask = 2147483647;
			files = (
			);
			runOnlyForDeploymentPostprocessing = 0;
		};
/* End PBXFrameworksBuildPhase section */

/* Begin PBXGroup section */
		86D74FDA2A12E30E00C0E1E4 = {
			isa = PBXGroup;
			children = (
				86D74FE52A12E30E00C0E1E4 /* Pomodoro (up to date) */,
				86D750062A12E31100C0E1E4 /* Pomodoro (up to date)UITests */,
				86D74FE42A12E30E00C0E1E4 /* Products */,
			);
			sourceTree = "<group>";
		};
		86D74FE42A12E30E00C0E1E4 /* Products */ = {
			isa = PBXGroup;
			children = (
				86D74FE32A12E30E00C0E1E4 /* Pomodoro (up to date).app */,
				86D74FF92A12E31100C0E1E4 /* Pomodoro (up to date)Tests.xctest */,
				86D750032A12E31100C0E1E4 /* Pomodoro (up to date)UITests.xctest */,
			);
			name = Products;
			sourceTree = "<group>";
		};
		86D74FE52A12E30E00C0E1E4 /* Pomodoro (up to date) */ = {
			isa = PBXGroup;
			children = (
				86D74FE62A12E30E00C0E1E4 /* AppDelegate.swift */,
				86D74FE82A12E30E00C0E1E4 /* SceneDelegate.swift */,
				86D74FEA2A12E30F00C0E1E4 /* ViewController.swift */,
				86D74FEC2A12E30F00C0E1E4 /* Main.storyboard */,
				86D74FEF2A12E31000C0E1E4 /* Assets.xcassets */,
				86D74FF12A12E31000C0E1E4 /* LaunchScreen.storyboard */,
				86D74FFC2A12E31100C0E1E4 /* Pomodoro (up to date)Tests */,
				86D74FF42A12E31000C0E1E4 /* Info.plist */,
			);
			path = "Pomodoro (up to date)";
			sourceTree = "<group>";
		};
		86D74FFC2A12E31100C0E1E4 /* Pomodoro (up to date)Tests */ = {
			isa = PBXGroup;
			children = (
				86D74FFD2A12E31100C0E1E4 /* Pomodoro__up_to_date_Tests.swift */,
			);
			path = "Pomodoro (up to date)Tests";
			sourceTree = "<group>";
		};
		86D750062A12E31100C0E1E4 /* Pomodoro (up to date)UITests */ = {
			isa = PBXGroup;
			children = (
				86D750072A12E31100C0E1E4 /* Pomodoro__up_to_date_UITests.swift */,
				86D750092A12E31100C0E1E4 /* Pomodoro__up_to_date_UITestsLaunchTests.swift */,
			);
			path = "Pomodoro (up to date)UITests";
			sourceTree = "<group>";
		};
/* End PBXGroup section */

/* Begin PBXNativeTarget section */
		86D74FE22A12E30E00C0E1E4 /* Pomodoro (up to date) */ = {
			isa = PBXNativeTarget;
			buildConfigurationList = 86D7500D2A12E31100C0E1E4 /* Build configuration list for PBXNativeTarget "Pomodoro (up to date)" */;
			buildPhases = (
				86D74FDF2A12E30E00C0E1E4 /* Sources */,
				86D74FE02A12E30E00C0E1E4 /* Frameworks */,
				86D74FE12A12E30E00C0E1E4 /* Resources */,
			);
			buildRules = (
			);
			dependencies = (
			);
			name = "Pomodoro (up to date)";
			productName = "Pomodoro (up to date)";
			productReference = 86D74FE32A12E30E00C0E1E4 /* Pomodoro (up to date).app */;
			productType = "com.apple.product-type.application";
		};
		86D74FF82A12E31100C0E1E4 /* Pomodoro (up to date)Tests */ = {
			isa = PBXNativeTarget;
			buildConfigurationList = 86D750102A12E31100C0E1E4 /* Build configuration list for PBXNativeTarget "Pomodoro (up to date)Tests" */;
			buildPhases = (
				86D74FF52A12E31100C0E1E4 /* Sources */,
				86D74FF62A12E31100C0E1E4 /* Frameworks */,
				86D74FF72A12E31100C0E1E4 /* Resources */,
			);
			buildRules = (
			);
			dependencies = (
				86D74FFB2A12E31100C0E1E4 /* PBXTargetDependency */,
			);
			name = "Pomodoro (up to date)Tests";
			productName = "Pomodoro (up to date)Tests";
			productReference = 86D74FF92A12E31100C0E1E4 /* Pomodoro (up to date)Tests.xctest */;
			productType = "com.apple.product-type.bundle.unit-test";
		};
		86D750022A12E31100C0E1E4 /* Pomodoro (up to date)UITests */ = {
			isa = PBXNativeTarget;
			buildConfigurationList = 86D750132A12E31100C0E1E4 /* Build configuration list for PBXNativeTarget "Pomodoro (up to date)UITests" */;
			buildPhases = (
				86D74FFF2A12E31100C0E1E4 /* Sources */,
				86D750002A12E31100C0E1E4 /* Frameworks */,
				86D750012A12E31100C0E1E4 /* Resources */,
			);
			buildRules = (
			);
			dependencies = (
				86D750052A12E31100C0E1E4 /* PBXTargetDependency */,
			);
			name = "Pomodoro (up to date)UITests";
			productName = "Pomodoro (up to date)UITests";
			productReference = 86D750032A12E31100C0E1E4 /* Pomodoro (up to date)UITests.xctest */;
			productType = "com.apple.product-type.bundle.ui-testing";
		};
/* End PBXNativeTarget section */

/* Begin PBXProject section */
		86D74FDB2A12E30E00C0E1E4 /* Project object */ = {
			isa = PBXProject;
			attributes = {
				BuildIndependentTargetsInParallel = 1;
				LastSwiftUpdateCheck = 1420;
				LastUpgradeCheck = 1420;
				TargetAttributes = {
					86D74FE22A12E30E00C0E1E4 = {
						CreatedOnToolsVersion = 14.2;
					};
					86D74FF82A12E31100C0E1E4 = {
						CreatedOnToolsVersion = 14.2;
						TestTargetID = 86D74FE22A12E30E00C0E1E4;
					};
					86D750022A12E31100C0E1E4 = {
						CreatedOnToolsVersion = 14.2;
						TestTargetID = 86D74FE22A12E30E00C0E1E4;
					};
				};
			};
			buildConfigurationList = 86D74FDE2A12E30E00C0E1E4 /* Build configuration list for PBXProject "Pomodoro (up to date)" */;
			compatibilityVersion = "Xcode 14.0";
			developmentRegion = en;
			hasScannedForEncodings = 0;
			knownRegions = (
				en,
				Base,
			);
			mainGroup = 86D74FDA2A12E30E00C0E1E4;
			productRefGroup = 86D74FE42A12E30E00C0E1E4 /* Products */;
			projectDirPath = "";
			projectRoot = "";
			targets = (
				86D74FE22A12E30E00C0E1E4 /* Pomodoro (up to date) */,
				86D74FF82A12E31100C0E1E4 /* Pomodoro (up to date)Tests */,
				86D750022A12E31100C0E1E4 /* Pomodoro (up to date)UITests */,
			);
		};
/* End PBXProject section */

/* Begin PBXResourcesBuildPhase section */
		86D74FE12A12E30E00C0E1E4 /* Resources */ = {
			isa = PBXResourcesBuildPhase;
			buildActionMask = 2147483647;
			files = (
				86D74FF32A12E31000C0E1E4 /* LaunchScreen.storyboard in Resources */,
				86D74FF02A12E31000C0E1E4 /* Assets.xcassets in Resources */,
				86D74FEE2A12E30F00C0E1E4 /* Main.storyboard in Resources */,
			);
			runOnlyForDeploymentPostprocessing = 0;
		};
		86D74FF72A12E31100C0E1E4 /* Resources */ = {
			isa = PBXResourcesBuildPhase;
			buildActionMask = 2147483647;
			files = (
			);
			runOnlyForDeploymentPostprocessing = 0;
		};
		86D750012A12E31100C0E1E4 /* Resources */ = {
			isa = PBXResourcesBuildPhase;
			buildActionMask = 2147483647;
			files = (
			);
			runOnlyForDeploymentPostprocessing = 0;
		};
/* End PBXResourcesBuildPhase section */

/* Begin PBXSourcesBuildPhase section */
		86D74FDF2A12E30E00C0E1E4 /* Sources */ = {
			isa = PBXSourcesBuildPhase;
			buildActionMask = 2147483647;
			files = (
				86D74FEB2A12E30F00C0E1E4 /* ViewController.swift in Sources */,
				86D74FE72A12E30E00C0E1E4 /* AppDelegate.swift in Sources */,
				86D74FE92A12E30E00C0E1E4 /* SceneDelegate.swift in Sources */,
			);
			runOnlyForDeploymentPostprocessing = 0;
		};
		86D74FF52A12E31100C0E1E4 /* Sources */ = {
			isa = PBXSourcesBuildPhase;
			buildActionMask = 2147483647;
			files = (
				86D74FFE2A12E31100C0E1E4 /* Pomodoro__up_to_date_Tests.swift in Sources */,
			);
			runOnlyForDeploymentPostprocessing = 0;
		};
		86D74FFF2A12E31100C0E1E4 /* Sources */ = {
			isa = PBXSourcesBuildPhase;
			buildActionMask = 2147483647;
			files = (
				86D750082A12E31100C0E1E4 /* Pomodoro__up_to_date_UITests.swift in Sources */,
				86D7500A2A12E31100C0E1E4 /* Pomodoro__up_to_date_UITestsLaunchTests.swift in Sources */,
			);
			runOnlyForDeploymentPostprocessing = 0;
		};
/* End PBXSourcesBuildPhase section */

/* Begin PBXTargetDependency section */
		86D74FFB2A12E31100C0E1E4 /* PBXTargetDependency */ = {
			isa = PBXTargetDependency;
			target = 86D74FE22A12E30E00C0E1E4 /* Pomodoro (up to date) */;
			targetProxy = 86D74FFA2A12E31100C0E1E4 /* PBXContainerItemProxy */;
		};
		86D750052A12E31100C0E1E4 /* PBXTargetDependency */ = {
			isa = PBXTargetDependency;
			target = 86D74FE22A12E30E00C0E1E4 /* Pomodoro (up to date) */;
			targetProxy = 86D750042A12E31100C0E1E4 /* PBXContainerItemProxy */;
		};
/* End PBXTargetDependency section */

/* Begin PBXVariantGroup section */
		86D74FEC2A12E30F00C0E1E4 /* Main.storyboard */ = {
			isa = PBXVariantGroup;
			children = (
				86D74FED2A12E30F00C0E1E4 /* Base */,
			);
			name = Main.storyboard;
			sourceTree = "<group>";
		};
		86D74FF12A12E31000C0E1E4 /* LaunchScreen.storyboard */ = {
			isa = PBXVariantGroup;
			children = (
				86D74FF22A12E31000C0E1E4 /* Base */,
			);
			name = LaunchScreen.storyboard;
			sourceTree = "<group>";
		};
/* End PBXVariantGroup section */

/* Begin XCBuildConfiguration section */
		86D7500B2A12E31100C0E1E4 /* Debug */ = {
			isa = XCBuildConfiguration;
			buildSettings = {
				ALWAYS_SEARCH_USER_PATHS = NO;
				CLANG_ANALYZER_NONNULL = YES;
				CLANG_ANALYZER_NUMBER_OBJECT_CONVERSION = YES_AGGRESSIVE;
				CLANG_CXX_LANGUAGE_STANDARD = "gnu++20";
				CLANG_ENABLE_MODULES = YES;
				CLANG_ENABLE_OBJC_ARC = YES;
				CLANG_ENABLE_OBJC_WEAK = YES;
				CLANG_WARN_BLOCK_CAPTURE_AUTORELEASING = YES;
				CLANG_WARN_BOOL_CONVERSION = YES;
				CLANG_WARN_COMMA = YES;
				CLANG_WARN_CONSTANT_CONVERSION = YES;
				CLANG_WARN_DEPRECATED_OBJC_IMPLEMENTATIONS = YES;
				CLANG_WARN_DIRECT_OBJC_ISA_USAGE = YES_ERROR;
				CLANG_WARN_DOCUMENTATION_COMMENTS = YES;
				CLANG_WARN_EMPTY_BODY = YES;
				CLANG_WARN_ENUM_CONVERSION = YES;
				CLANG_WARN_INFINITE_RECURSION = YES;
				CLANG_WARN_INT_CONVERSION = YES;
				CLANG_WARN_NON_LITERAL_NULL_CONVERSION = YES;
				CLANG_WARN_OBJC_IMPLICIT_RETAIN_SELF = YES;
				CLANG_WARN_OBJC_LITERAL_CONVERSION = YES;
				CLANG_WARN_OBJC_ROOT_CLASS = YES_ERROR;
				CLANG_WARN_QUOTED_INCLUDE_IN_FRAMEWORK_HEADER = YES;
				CLANG_WARN_RANGE_LOOP_ANALYSIS = YES;
				CLANG_WARN_STRICT_PROTOTYPES = YES;
				CLANG_WARN_SUSPICIOUS_MOVE = YES;
				CLANG_WARN_UNGUARDED_AVAILABILITY = YES_AGGRESSIVE;
				CLANG_WARN_UNREACHABLE_CODE = YES;
				CLANG_WARN__DUPLICATE_METHOD_MATCH = YES;
				COPY_PHASE_STRIP = NO;
				DEBUG_INFORMATION_FORMAT = dwarf;
				ENABLE_STRICT_OBJC_MSGSEND = YES;
				ENABLE_TESTABILITY = YES;
				GCC_C_LANGUAGE_STANDARD = gnu11;
				GCC_DYNAMIC_NO_PIC = NO;
				GCC_NO_COMMON_BLOCKS = YES;
				GCC_OPTIMIZATION_LEVEL = 0;
				GCC_PREPROCESSOR_DEFINITIONS = (
					"DEBUG=1",
					"$(inherited)",
				);
				GCC_WARN_64_TO_32_BIT_CONVERSION = YES;
				GCC_WARN_ABOUT_RETURN_TYPE = YES_ERROR;
				GCC_WARN_UNDECLARED_SELECTOR = YES;
				GCC_WARN_UNINITIALIZED_AUTOS = YES_AGGRESSIVE;
				GCC_WARN_UNUSED_FUNCTION = YES;
				GCC_WARN_UNUSED_VARIABLE = YES;
				IPHONEOS_DEPLOYMENT_TARGET = 16.2;
				MTL_ENABLE_DEBUG_INFO = INCLUDE_SOURCE;
				MTL_FAST_MATH = YES;
				ONLY_ACTIVE_ARCH = YES;
				SDKROOT = iphoneos;
				SWIFT_ACTIVE_COMPILATION_CONDITIONS = DEBUG;
				SWIFT_OPTIMIZATION_LEVEL = "-Onone";
			};
			name = Debug;
		};
		86D7500C2A12E31100C0E1E4 /* Release */ = {
			isa = XCBuildConfiguration;
			buildSettings = {
				ALWAYS_SEARCH_USER_PATHS = NO;
				CLANG_ANALYZER_NONNULL = YES;
				CLANG_ANALYZER_NUMBER_OBJECT_CONVERSION = YES_AGGRESSIVE;
				CLANG_CXX_LANGUAGE_STANDARD = "gnu++20";
				CLANG_ENABLE_MODULES = YES;
				CLANG_ENABLE_OBJC_ARC = YES;
				CLANG_ENABLE_OBJC_WEAK = YES;
				CLANG_WARN_BLOCK_CAPTURE_AUTORELEASING = YES;
				CLANG_WARN_BOOL_CONVERSION = YES;
				CLANG_WARN_COMMA = YES;
				CLANG_WARN_CONSTANT_CONVERSION = YES;
				CLANG_WARN_DEPRECATED_OBJC_IMPLEMENTATIONS = YES;
				CLANG_WARN_DIRECT_OBJC_ISA_USAGE = YES_ERROR;
				CLANG_WARN_DOCUMENTATION_COMMENTS = YES;
				CLANG_WARN_EMPTY_BODY = YES;
				CLANG_WARN_ENUM_CONVERSION = YES;
				CLANG_WARN_INFINITE_RECURSION = YES;
				CLANG_WARN_INT_CONVERSION = YES;
				CLANG_WARN_NON_LITERAL_NULL_CONVERSION = YES;
				CLANG_WARN_OBJC_IMPLICIT_RETAIN_SELF = YES;
				CLANG_WARN_OBJC_LITERAL_CONVERSION = YES;
				CLANG_WARN_OBJC_ROOT_CLASS = YES_ERROR;
				CLANG_WARN_QUOTED_INCLUDE_IN_FRAMEWORK_HEADER = YES;
				CLANG_WARN_RANGE_LOOP_ANALYSIS = YES;
				CLANG_WARN_STRICT_PROTOTYPES = YES;
				CLANG_WARN_SUSPICIOUS_MOVE = YES;
				CLANG_WARN_UNGUARDED_AVAILABILITY = YES_AGGRESSIVE;
				CLANG_WARN_UNREACHABLE_CODE = YES;
				CLANG_WARN__DUPLICATE_METHOD_MATCH = YES;
				COPY_PHASE_STRIP = NO;
				DEBUG_INFORMATION_FORMAT = "dwarf-with-dsym";
				ENABLE_NS_ASSERTIONS = NO;
				ENABLE_STRICT_OBJC_MSGSEND = YES;
				GCC_C_LANGUAGE_STANDARD = gnu11;
				GCC_NO_COMMON_BLOCKS = YES;
				GCC_WARN_64_TO_32_BIT_CONVERSION = YES;
				GCC_WARN_ABOUT_RETURN_TYPE = YES_ERROR;
				GCC_WARN_UNDECLARED_SELECTOR = YES;
				GCC_WARN_UNINITIALIZED_AUTOS = YES_AGGRESSIVE;
				GCC_WARN_UNUSED_FUNCTION = YES;
				GCC_WARN_UNUSED_VARIABLE = YES;
				IPHONEOS_DEPLOYMENT_TARGET = 16.2;
				MTL_ENABLE_DEBUG_INFO = NO;
				MTL_FAST_MATH = YES;
				SDKROOT = iphoneos;
				SWIFT_COMPILATION_MODE = wholemodule;
				SWIFT_OPTIMIZATION_LEVEL = "-O";
				VALIDATE_PRODUCT = YES;
			};
			name = Release;
		};
		86D7500E2A12E31100C0E1E4 /* Debug */ = {
			isa = XCBuildConfiguration;
			buildSettings = {
				ASSETCATALOG_COMPILER_APPICON_NAME = AppIcon;
				ASSETCATALOG_COMPILER_GLOBAL_ACCENT_COLOR_NAME = AccentColor;
				CODE_SIGN_STYLE = Automatic;
				CURRENT_PROJECT_VERSION = 1;
				DEVELOPMENT_TEAM = P5BZ7F5F8P;
				GENERATE_INFOPLIST_FILE = YES;
				INFOPLIST_FILE = "Pomodoro (up to date)/Info.plist";
				INFOPLIST_KEY_UIApplicationSupportsIndirectInputEvents = YES;
				INFOPLIST_KEY_UILaunchStoryboardName = LaunchScreen;
				INFOPLIST_KEY_UIMainStoryboardFile = Main;
				INFOPLIST_KEY_UISupportedInterfaceOrientations_iPad = "UIInterfaceOrientationPortrait UIInterfaceOrientationPortraitUpsideDown UIInterfaceOrientationLandscapeLeft UIInterfaceOrientationLandscapeRight";
				INFOPLIST_KEY_UISupportedInterfaceOrientations_iPhone = "UIInterfaceOrientationPortrait UIInterfaceOrientationLandscapeLeft UIInterfaceOrientationLandscapeRight";
				LD_RUNPATH_SEARCH_PATHS = (
					"$(inherited)",
					"@executable_path/Frameworks",
				);
				MARKETING_VERSION = 1.0;
				PRODUCT_BUNDLE_IDENTIFIER = "com.mobcompany.Pomodoro--up-to-date-";
				PRODUCT_NAME = "$(TARGET_NAME)";
				SWIFT_EMIT_LOC_STRINGS = YES;
				SWIFT_VERSION = 5.0;
				TARGETED_DEVICE_FAMILY = "1,2";
			};
			name = Debug;
		};
		86D7500F2A12E31100C0E1E4 /* Release */ = {
			isa = XCBuildConfiguration;
			buildSettings = {
				ASSETCATALOG_COMPILER_APPICON_NAME = AppIcon;
				ASSETCATALOG_COMPILER_GLOBAL_ACCENT_COLOR_NAME = AccentColor;
				CODE_SIGN_STYLE = Automatic;
				CURRENT_PROJECT_VERSION = 1;
				DEVELOPMENT_TEAM = P5BZ7F5F8P;
				GENERATE_INFOPLIST_FILE = YES;
				INFOPLIST_FILE = "Pomodoro (up to date)/Info.plist";
				INFOPLIST_KEY_UIApplicationSupportsIndirectInputEvents = YES;
				INFOPLIST_KEY_UILaunchStoryboardName = LaunchScreen;
				INFOPLIST_KEY_UIMainStoryboardFile = Main;
				INFOPLIST_KEY_UISupportedInterfaceOrientations_iPad = "UIInterfaceOrientationPortrait UIInterfaceOrientationPortraitUpsideDown UIInterfaceOrientationLandscapeLeft UIInterfaceOrientationLandscapeRight";
				INFOPLIST_KEY_UISupportedInterfaceOrientations_iPhone = "UIInterfaceOrientationPortrait UIInterfaceOrientationLandscapeLeft UIInterfaceOrientationLandscapeRight";
				LD_RUNPATH_SEARCH_PATHS = (
					"$(inherited)",
					"@executable_path/Frameworks",
				);
				MARKETING_VERSION = 1.0;
				PRODUCT_BUNDLE_IDENTIFIER = "com.mobcompany.Pomodoro--up-to-date-";
				PRODUCT_NAME = "$(TARGET_NAME)";
				SWIFT_EMIT_LOC_STRINGS = YES;
				SWIFT_VERSION = 5.0;
				TARGETED_DEVICE_FAMILY = "1,2";
			};
			name = Release;
		};
		86D750112A12E31100C0E1E4 /* Debug */ = {
			isa = XCBuildConfiguration;
			buildSettings = {
				ALWAYS_EMBED_SWIFT_STANDARD_LIBRARIES = YES;
				BUNDLE_LOADER = "$(TEST_HOST)";
				CODE_SIGN_STYLE = Automatic;
				CURRENT_PROJECT_VERSION = 1;
				DEVELOPMENT_TEAM = P5BZ7F5F8P;
				GENERATE_INFOPLIST_FILE = YES;
				IPHONEOS_DEPLOYMENT_TARGET = 16.2;
				MARKETING_VERSION = 1.0;
				PRODUCT_BUNDLE_IDENTIFIER = "com.mobcompany.Pomodoro--up-to-date-Tests";
				PRODUCT_NAME = "$(TARGET_NAME)";
				SWIFT_EMIT_LOC_STRINGS = NO;
				SWIFT_VERSION = 5.0;
				TARGETED_DEVICE_FAMILY = "1,2";
				TEST_HOST = "$(BUILT_PRODUCTS_DIR)/Pomodoro (up to date).app/$(BUNDLE_EXECUTABLE_FOLDER_PATH)/Pomodoro (up to date)";
			};
			name = Debug;
		};
		86D750122A12E31100C0E1E4 /* Release */ = {
			isa = XCBuildConfiguration;
			buildSettings = {
				ALWAYS_EMBED_SWIFT_STANDARD_LIBRARIES = YES;
				BUNDLE_LOADER = "$(TEST_HOST)";
				CODE_SIGN_STYLE = Automatic;
				CURRENT_PROJECT_VERSION = 1;
				DEVELOPMENT_TEAM = P5BZ7F5F8P;
				GENERATE_INFOPLIST_FILE = YES;
				IPHONEOS_DEPLOYMENT_TARGET = 16.2;
				MARKETING_VERSION = 1.0;
				PRODUCT_BUNDLE_IDENTIFIER = "com.mobcompany.Pomodoro--up-to-date-Tests";
				PRODUCT_NAME = "$(TARGET_NAME)";
				SWIFT_EMIT_LOC_STRINGS = NO;
				SWIFT_VERSION = 5.0;
				TARGETED_DEVICE_FAMILY = "1,2";
				TEST_HOST = "$(BUILT_PRODUCTS_DIR)/Pomodoro (up to date).app/$(BUNDLE_EXECUTABLE_FOLDER_PATH)/Pomodoro (up to date)";
			};
			name = Release;
		};
		86D750142A12E31100C0E1E4 /* Debug */ = {
			isa = XCBuildConfiguration;
			buildSettings = {
				ALWAYS_EMBED_SWIFT_STANDARD_LIBRARIES = YES;
				CODE_SIGN_STYLE = Automatic;
				CURRENT_PROJECT_VERSION = 1;
				DEVELOPMENT_TEAM = P5BZ7F5F8P;
				GENERATE_INFOPLIST_FILE = YES;
				MARKETING_VERSION = 1.0;
				PRODUCT_BUNDLE_IDENTIFIER = "com.mobcompany.Pomodoro--up-to-date-UITests";
				PRODUCT_NAME = "$(TARGET_NAME)";
				SWIFT_EMIT_LOC_STRINGS = NO;
				SWIFT_VERSION = 5.0;
				TARGETED_DEVICE_FAMILY = "1,2";
				TEST_TARGET_NAME = "Pomodoro (up to date)";
			};
			name = Debug;
		};
		86D750152A12E31100C0E1E4 /* Release */ = {
			isa = XCBuildConfiguration;
			buildSettings = {
				ALWAYS_EMBED_SWIFT_STANDARD_LIBRARIES = YES;
				CODE_SIGN_STYLE = Automatic;
				CURRENT_PROJECT_VERSION = 1;
				DEVELOPMENT_TEAM = P5BZ7F5F8P;
				GENERATE_INFOPLIST_FILE = YES;
				MARKETING_VERSION = 1.0;
				PRODUCT_BUNDLE_IDENTIFIER = "com.mobcompany.Pomodoro--up-to-date-UITests";
				PRODUCT_NAME = "$(TARGET_NAME)";
				SWIFT_EMIT_LOC_STRINGS = NO;
				SWIFT_VERSION = 5.0;
				TARGETED_DEVICE_FAMILY = "1,2";
				TEST_TARGET_NAME = "Pomodoro (up to date)";
			};
			name = Release;
		};
/* End XCBuildConfiguration section */

/* Begin XCConfigurationList section */
		86D74FDE2A12E30E00C0E1E4 /* Build configuration list for PBXProject "Pomodoro (up to date)" */ = {
			isa = XCConfigurationList;
			buildConfigurations = (
				86D7500B2A12E31100C0E1E4 /* Debug */,
				86D7500C2A12E31100C0E1E4 /* Release */,
			);
			defaultConfigurationIsVisible = 0;
			defaultConfigurationName = Release;
		};
		86D7500D2A12E31100C0E1E4 /* Build configuration list for PBXNativeTarget "Pomodoro (up to date)" */ = {
			isa = XCConfigurationList;
			buildConfigurations = (
				86D7500E2A12E31100C0E1E4 /* Debug */,
				86D7500F2A12E31100C0E1E4 /* Release */,
			);
			defaultConfigurationIsVisible = 0;
			defaultConfigurationName = Release;
		};
		86D750102A12E31100C0E1E4 /* Build configuration list for PBXNativeTarget "Pomodoro (up to date)Tests" */ = {
			isa = XCConfigurationList;
			buildConfigurations = (
				86D750112A12E31100C0E1E4 /* Debug */,
				86D750122A12E31100C0E1E4 /* Release */,
			);
			defaultConfigurationIsVisible = 0;
			defaultConfigurationName = Release;
		};
		86D750132A12E31100C0E1E4 /* Build configuration list for PBXNativeTarget "Pomodoro (up to date)UITests" */ = {
			isa = XCConfigurationList;
			buildConfigurations = (
				86D750142A12E31100C0E1E4 /* Debug */,
				86D750152A12E31100C0E1E4 /* Release */,
			);
			defaultConfigurationIsVisible = 0;
			defaultConfigurationName = Release;
		};
/* End XCConfigurationList section */
	};
	rootObject = 86D74FDB2A12E30E00C0E1E4 /* Project object */;
}
